{
  "version": 1,
  "dependencies": {
    "net10.0": {
      "AWSSDK.S3": {
        "type": "Direct",
        "requested": "[3.*, )",
        "resolved": "3.7.511.8",
        "contentHash": "QLHt7ucegMurWnwB3GomMeP6DiCG033aEittRiabMGnTOMZ5xyu7tbmTkqs3ZU5tBz4AK53Ak8WJkF+kk+s4Tw==",
        "dependencies": {
          "AWSSDK.Core": "[3.7.501.1, 4.0.0)"
        }
      },
      "Azure.Storage.Blobs": {
        "type": "Direct",
        "requested": "[12.*, )",
        "resolved": "12.29.1",
        "contentHash": "pWh7xZBto8YcwiO853AB3uijTfVqs9PDte0Bu9/Zd8O9nwKiitWm0Jej1vsNkmYUzeG1552f8vJPjmtW30pBUQ==",
        "dependencies": {
          "Azure.Core": "1.55.0",
          "Azure.Storage.Common": "12.28.0"
        }
      },
      "BCrypt.Net-Next": {
        "type": "Direct",
        "requested": "[4.0.3, )",
        "resolved": "4.0.3",
        "contentHash": "W+U9WvmZQgi5cX6FS5GDtDoPzUCV4LkBLkywq/kRZhuDwcbavOzcDAr3LXJFqHUi952Yj3LEYoWW0jbEUQChsA=="
      },
      "DiffPlex": {
        "type": "Direct",
        "requested": "[1.7.2, )",
        "resolved": "1.7.2",
        "contentHash": "qJEjdxEDBWSFZGB8paBB9HDeJXHGlHlOXeGX3kbTuXWuOsgv2iSAEOOzo5V1/B39Vcxr9IVVrNKewRcX+rsn4g=="
      },
      "Fido2.AspNet": {
        "type": "Direct",
        "requested": "[4.*, )",
        "resolved": "4.0.1",
        "contentHash": "KupbLzUjy40wgQIW21sTl+KmlnJVdFqJqF7bGFhl/g2BzayagYvEl6yllIInZWsVu8AGHAO33OmeO8JZVH+z9w==",
        "dependencies": {
          "Fido2": "4.0.1",
          "Fido2.Models": "4.0.1"
        }
      },
      "MailKit": {
        "type": "Direct",
        "requested": "[4.*, )",
        "resolved": "4.17.0",
        "contentHash": "1nUAVLxM9fhT/78we6/AGsCesnpn5dRNLLeRqOfr52Wnk87pzVwo5YMTMyqnmoXrYc7piGhmayiMA/OgDluIjg==",
        "dependencies": {
          "MimeKit": "4.17.0"
        }
      },
      "Markdig": {
        "type": "Direct",
        "requested": "[0.42.0, )",
        "resolved": "0.42.0",
        "contentHash": "tINdftVfbTujqfPXrQOSl9/6XCS2Y4Zwz+i7UPBgxRNnDtI1CjyQ5UA/5sKoSOmfECyWkTztY/vbcc/u1DA8nA=="
      },
      "Microsoft.AspNetCore.App.Internal.Assets": {
        "type": "Direct",
        "requested": "[10.0.9, )",
        "resolved": "10.0.9",
        "contentHash": "E9Wp/LPKAYkGOVBv4lt5U5TnUA/7pov7QZAwF3eI64kK8AAXqkPDwuadEOwpL1WXEfgecYm0fccluvABp32D8g=="
      },
      "Microsoft.EntityFrameworkCore.Design": {
        "type": "Direct",
        "requested": "[10.*, )",
        "resolved": "10.0.9",
        "contentHash": "NxgqhpB89S6BViMku9B476KopBumtk0IQ4/iVn2GeeUBW9SyzLvWwOR0zPgcooAtRlR0UVzXkaUs71gYHSAbHg==",
        "dependencies": {
          "Humanizer.Core": "2.14.1",
          "Microsoft.Build.Framework": "18.0.2",
          "Microsoft.CodeAnalysis.CSharp": "5.0.0",
          "Microsoft.CodeAnalysis.CSharp.Workspaces": "5.0.0",
          "Microsoft.CodeAnalysis.Workspaces.MSBuild": "5.0.0",
          "Microsoft.EntityFrameworkCore.Relational": "10.0.9",
          "Microsoft.Extensions.DependencyModel": "10.0.9",
          "Mono.TextTemplating": "3.0.0",
          "Newtonsoft.Json": "13.0.3"
        }
      },
      "MimeKit": {
        "type": "Direct",
        "requested": "[4.*, )",
        "resolved": "4.17.0",
        "contentHash": "h/KXsCreJf8RpR/PSAtlbvYtZFndp9N8Wn1Bs248AL7ITyhn+AiIY5bLTvt60tbN2mu6g8KadtBNWygTji2lqg==",
        "dependencies": {
          "BouncyCastle.Cryptography": "2.6.2",
          "System.Security.Cryptography.Pkcs": "10.0.0"
        }
      },
      "ModelContextProtocol.AspNetCore": {
        "type": "Direct",
        "requested": "[1.*, )",
        "resolved": "1.4.0",
        "contentHash": "Q/xGhfhbCfZsoeEsEqBeiyzr6AJw2cBUTKN3Giz3QRmWyRzn62ISsgJCTnk2/VPMNj2/Spb2jYpPahnMZWvaPg==",
        "dependencies": {
          "ModelContextProtocol": "1.4.0"
        }
      },
      "Npgsql.EntityFrameworkCore.PostgreSQL": {
        "type": "Direct",
        "requested": "[10.*, )",
        "resolved": "10.0.2",
        "contentHash": "PsNYgPOSW41Xx19gin7y4EdZAPteWr9Cb01XkdObxOsPzi+mgBupBEN7J7+erXFsROPOILM7MlIoO9QzL8+LGQ==",
        "dependencies": {
          "Microsoft.EntityFrameworkCore": "[10.0.4, 11.0.0)",
          "Microsoft.EntityFrameworkCore.Relational": "[10.0.4, 11.0.0)",
          "Npgsql": "10.0.3"
        }
      },
      "OpenIddict.AspNetCore": {
        "type": "Direct",
        "requested": "[7.5.0, )",
        "resolved": "7.5.0",
        "contentHash": "D8r7Tve0mTiu27tPWhjOpGnLsblJt/vJWbzSyO4nS5Ve2IIC07QS96uKlgImADU/WW4gLWHM7gVDalHs1c8oSg==",
        "dependencies": {
          "OpenIddict": "7.5.0",
          "OpenIddict.Client.AspNetCore": "7.5.0",
          "OpenIddict.Client.DataProtection": "7.5.0",
          "OpenIddict.Server.AspNetCore": "7.5.0",
          "OpenIddict.Server.DataProtection": "7.5.0",
          "OpenIddict.Validation.AspNetCore": "7.5.0",
          "OpenIddict.Validation.DataProtection": "7.5.0"
        }
      },
      "OpenIddict.EntityFrameworkCore": {
        "type": "Direct",
        "requested": "[7.5.0, )",
        "resolved": "7.5.0",
        "contentHash": "3xamhrqh8y+l22wiyy+A9D/UvWPjsS6N8TGybpVlpJIFU5g2QGqk3JPamHuXn3gvwmP4OlwzgAZDzzLv8YWEeQ==",
        "dependencies": {
          "Microsoft.EntityFrameworkCore.Relational": "10.0.7",
          "OpenIddict.Core": "7.5.0",
          "OpenIddict.EntityFrameworkCore.Models": "7.5.0"
        }
      },
      "OpenIddict.Validation.AspNetCore": {
        "type": "Direct",
        "requested": "[7.5.0, )",
        "resolved": "7.5.0",
        "contentHash": "yTHifKNJLe0uH4fotBQcii8XpHYQOwmACXK2aEeAYadxYlysiO67glfxdETzeAfpJ/QM4cG7V2bjXUCZLCHEbg==",
        "dependencies": {
          "OpenIddict.Validation": "7.5.0"
        }
      },
      "Otp.NET": {
        "type": "Direct",
        "requested": "[1.4.*, )",
        "resolved": "1.4.1",
        "contentHash": "UXjZ80T6BfVACJWmEcz4UFZ93hwX3STKojKvVpPk3qUhubjnLwIiZMsI4Hh91HhYxC0JlatNdNrVK2wkv4O9/Q=="
      },
      "QRCoder": {
        "type": "Direct",
        "requested": "[1.6.*, )",
        "resolved": "1.6.0",
        "contentHash": "XmPA81eo+oRxBuyVdswsSkTGTE1d3thfF11Z1PdD7oB56A6HU4G4AAOdySmGRMb/cljwlFTMWUtosGEnwpS6GA=="
      },
      "Tomlyn": {
        "type": "Direct",
        "requested": "[2.3.2, )",
        "resolved": "2.3.2",
        "contentHash": "R2FxhCkWBOz9vtjGmNwTqUb4cFLgK+bcKSrUZep/dXh2TBkoWeXbW2hQ7P6ntw9n7CHCZ/WRaWmYFnDB4y6pAA=="
      },
      "AWSSDK.Core": {
        "type": "Transitive",
        "resolved": "3.7.501.1",
        "contentHash": "VZR0LRAawpn5FQwXNPzhOO8DHhfffhBSvcSZT1d0ctcZ+kmsz3tzTArZnTQ9Haf/TNEqNLzKupHfjV2ndWAL4A=="
      },
      "Azure.Core": {
        "type": "Transitive",
        "resolved": "1.55.0",
        "contentHash": "c7femvYS/xEUrLP1sNZN+DoQZmx3X+G3ZXtOOz0RL/7cGMCM3JVqepVmRd3AwM4IK8AtTGS4GOigCO+d/zaSsQ==",
        "dependencies": {
          "Microsoft.Bcl.AsyncInterfaces": "10.0.3",
          "Microsoft.Identity.Client": "4.83.1",
          "Microsoft.Identity.Client.Extensions.Msal": "4.83.1",
          "System.ClientModel": "1.11.0",
          "System.Memory.Data": "10.0.3"
        }
      },
      "Azure.Storage.Common": {
        "type": "Transitive",
        "resolved": "12.28.0",
        "contentHash": "5l8YhNrks38zKLGFW2BBFLwieyamH/xauABSASsdpZv79G0f+n2n22IjkRmUqCmALSupkwRHh2LOhbW3yj5Qgw==",
        "dependencies": {
          "Azure.Core": "1.55.0",
          "System.IO.Hashing": "10.0.3"
        }
      },
      "BouncyCastle.Cryptography": {
        "type": "Transitive",
        "resolved": "2.6.2",
        "contentHash": "7oWOcvnntmMKNzDLsdxAYqApt+AjpRpP2CShjMfIa3umZ42UQMvH0tl1qAliYPNYO6vTdcGMqnRrCPmsfzTI1w=="
      },
      "Fido2": {
        "type": "Transitive",
        "resolved": "4.0.1",
        "contentHash": "k/+JLt4J4k4zccYwtV1yiRMZEphwj+GacQeVj1p7foEp787a8vJFkHtLnyzSRsnbf9JDYEh7SF8VBWlTTbdsdQ==",
        "dependencies": {
          "Fido2.Models": "4.0.1",
          "Microsoft.IdentityModel.JsonWebTokens": "8.2.0",
          "NSec.Cryptography": "25.4.0"
        }
      },
      "Fido2.Models": {
        "type": "Transitive",
        "resolved": "4.0.1",
        "contentHash": "SepPhuYlDEWFwObg39xea9e5Ck5a7qpUP0vjIWzkEOCXDWsKQaW9sdN+m+h9phiCzb0r3w1yauypnHN11CozIw==",
        "dependencies": {
          "Microsoft.Bcl.Memory": "9.0.14"
        }
      },
      "Humanizer.Core": {
        "type": "Transitive",
        "resolved": "2.14.1",
        "contentHash": "lQKvtaTDOXnoVJ20ibTuSIOf2i0uO0MPbDhd1jm238I+U/2ZnRENj0cktKZhtchBMtCUSRQ5v4xBCUbKNmyVMw=="
      },
      "libsodium": {
        "type": "Transitive",
        "resolved": "1.0.20.1",
        "contentHash": "pkiceEqJDQFHjbga3k/oPfTVX9g+GKJZ1VrkuiLhaymt9YNw1Dr7cX9hNuZuNaWcr9WD0moW55k4pMwzQ7JaZQ=="
      },
      "Microsoft.Bcl.AsyncInterfaces": {
        "type": "Transitive",
        "resolved": "10.0.3",
        "contentHash": "TV62UsrJZPX6gbt3c4WrtXh7bmaDIcMqf9uft1cc4L6gJXOU07hDGEh+bFQh/L2Az0R1WVOkiT66lFqS6G2NmA=="
      },
      "Microsoft.Bcl.Memory": {
        "type": "Transitive",
        "resolved": "9.0.14",
        "contentHash": "laQCcjTM2FnbyznkAu9hwBuQh3z2/OtJKwjGkJOUevylFpFXZIUVq/+MU2jM0HQm1n5wsjjwtLIDOiWJ6Nai3A=="
      },
      "Microsoft.Build.Framework": {
        "type": "Transitive",
        "resolved": "18.0.2",
        "contentHash": "sOSb+0J4G/jCBW/YqmRuL0eOMXgfw1KQLdC9TkbvfA5xs7uNm+PBQXJCOzSJGXtZcZrtXozcwxPmUiRUbmd7FA=="
      },
      "Microsoft.CodeAnalysis.Analyzers": {
        "type": "Transitive",
        "resolved": "3.11.0",
        "contentHash": "v/EW3UE8/lbEYHoC2Qq7AR/DnmvpgdtAMndfQNmpuIMx/Mto8L5JnuCfdBYtgvalQOtfNCnxFejxuRrryvUTsg=="
      },
      "Microsoft.CodeAnalysis.Common": {
        "type": "Transitive",
        "resolved": "5.0.0",
        "contentHash": "ZXRAdvH6GiDeHRyd3q/km8Z44RoM6FBWHd+gen/la81mVnAdHTEsEkO5J0TCNXBymAcx5UYKt5TvgKBhaLJEow==",
        "dependencies": {
          "Microsoft.CodeAnalysis.Analyzers": "3.11.0"
        }
      },
      "Microsoft.CodeAnalysis.CSharp": {
        "type": "Transitive",
        "resolved": "5.0.0",
        "contentHash": "5DSyJ9bk+ATuDy7fp2Zt0mJStDVKbBoiz1DyfAwSa+k4H4IwykAUcV3URelw5b8/iVbfSaOwkwmPUZH6opZKCw==",
        "dependencies": {
          "Microsoft.CodeAnalysis.Analyzers": "3.11.0",
          "Microsoft.CodeAnalysis.Common": "[5.0.0]"
        }
      },
      "Microsoft.CodeAnalysis.CSharp.Workspaces": {
        "type": "Transitive",
        "resolved": "5.0.0",
        "contentHash": "Al/Q8B+yO8odSqGVpSvrShMFDvlQdIBU//F3E6Rb0YdiLSALE9wh/pvozPNnfmh5HDnvU+mkmSjpz4hQO++jaA==",
        "dependencies": {
          "Humanizer.Core": "2.14.1",
          "Microsoft.CodeAnalysis.Analyzers": "3.11.0",
          "Microsoft.CodeAnalysis.CSharp": "[5.0.0]",
          "Microsoft.CodeAnalysis.Common": "[5.0.0]",
          "Microsoft.CodeAnalysis.Workspaces.Common": "[5.0.0]",
          "System.Composition": "9.0.0"
        }
      },
      "Microsoft.CodeAnalysis.Workspaces.Common": {
        "type": "Transitive",
        "resolved": "5.0.0",
        "contentHash": "ZbUmIvT6lqTNKiv06Jl5wf0MTMi1vQ1oH7ou4CLcs2C/no/L7EhP3T8y3XXvn9VbqMcJaJnEsNA1jwYUMgc5jg==",
        "dependencies": {
          "Humanizer.Core": "2.14.1",
          "Microsoft.CodeAnalysis.Analyzers": "3.11.0",
          "Microsoft.CodeAnalysis.Common": "[5.0.0]",
          "System.Composition": "9.0.0"
        }
      },
      "Microsoft.CodeAnalysis.Workspaces.MSBuild": {
        "type": "Transitive",
        "resolved": "5.0.0",
        "contentHash": "/G+LVoAGMz6Ae8nm+PGLxSw+F5RjYx/J7irbTO5uKAPw1bxHyQJLc/YOnpDxt+EpPtYxvC9wvBsg/kETZp1F9Q==",
        "dependencies": {
          "Humanizer.Core": "2.14.1",
          "Microsoft.Build.Framework": "17.11.31",
          "Microsoft.CodeAnalysis.Analyzers": "3.11.0",
          "Microsoft.CodeAnalysis.Workspaces.Common": "[5.0.0]",
          "Microsoft.VisualStudio.SolutionPersistence": "1.0.52",
          "Newtonsoft.Json": "13.0.3",
          "System.Composition": "9.0.0"
        }
      },
      "Microsoft.EntityFrameworkCore": {
        "type": "Transitive",
        "resolved": "10.0.9",
        "contentHash": "tu85SRzOT021V7EQlViCiAE7TqldVn469Y6lt5TEn/+XC4/MeNCHgMRSxqYuWqvF4zAQZUhCmtNEZuM3ss4LeA==",
        "dependencies": {
          "Microsoft.EntityFrameworkCore.Abstractions": "10.0.9",
          "Microsoft.EntityFrameworkCore.Analyzers": "10.0.9"
        }
      },
      "Microsoft.EntityFrameworkCore.Abstractions": {
        "type": "Transitive",
        "resolved": "10.0.9",
        "contentHash": "GRMaiPkqYna/gCsyDffYDWmefGPC3hDrdMw+2rrGcQwhs6uZOsaMQXMJnoXQ35tx9SkBV2ieRRU9N/jLOO6BZw=="
      },
      "Microsoft.EntityFrameworkCore.Analyzers": {
        "type": "Transitive",
        "resolved": "10.0.9",
        "contentHash": "aiEFB+C5EsZGqxvMPazE07hbWsp4iPaufJpanGt5O+lrwv7mJLrqma5haVIgFAPCyhQkmk75XSCEubT1zUjxtA=="
      },
      "Microsoft.EntityFrameworkCore.Relational": {
        "type": "Transitive",
        "resolved": "10.0.9",
        "contentHash": "dEoyYKgiaZHHgOFm1WMWm1sFEsEuhPWufX4L9PekKtqd/RaIcPjkCjvbrVvJtApErb5wPSJhYvnTlxhH+p9h2g==",
        "dependencies": {
          "Microsoft.EntityFrameworkCore": "10.0.9"
        }
      },
      "Microsoft.Extensions.AI.Abstractions": {
        "type": "Transitive",
        "resolved": "10.5.2",
        "contentHash": "Ei+YWV9Ybnps7pR1dgjlG29gelXEwZkhLVAcWmKe6HvXS6LNBYgSdWiY3Hk9OZXYtK34rv/NtLWBQYQGOBQYPQ=="
      },
      "Microsoft.Extensions.AmbientMetadata.Application": {
        "type": "Transitive",
        "resolved": "10.3.0",
        "contentHash": "Oh/FQJrTZqiqZuFktqDCwLFgxIUnNATZx46AwUTf5A/+FmK/TzPf/iwSqMK85QlioLD9ehOxWe0NBfsCSkp5pw=="
      },
      "Microsoft.Extensions.Compliance.Abstractions": {
        "type": "Transitive",
        "resolved": "10.3.0",
        "contentHash": "b3gmxtyX0n8bQFuZ679f8QiOWqjeZKFc6XXPUsYNFzMcWi0Q44Ej3pB41N/QQ0maX380kmOMF36bLSBHNThXAg=="
      },
      "Microsoft.Extensions.DependencyInjection.AutoActivation": {
        "type": "Transitive",
        "resolved": "10.3.0",
        "contentHash": "g6/S5rhP1XNBqeDa9zKXri/uDKe6gjzSqGsocuySb1OdVm8fz/M9YcWTJsCw5RHF8xIb/B3NgsfBPQF9Emjk3Q=="
      },
      "Microsoft.Extensions.DependencyModel": {
        "type": "Transitive",
        "resolved": "10.0.9",
        "contentHash": "SCDTQ6HubnRvTUjR7dgMKHZvNoCb03t44ttHL8trlFTGgfDteWn/0nRdOxDhcI+lTWhKgd/flCVJEtAOPhSLNg=="
      },
      "Microsoft.Extensions.Diagnostics.ExceptionSummarization": {
        "type": "Transitive",
        "resolved": "10.3.0",
        "contentHash": "TZAZsAFThNQDqCnWaGxV/X7OPSA7b+kY7wNTPNvPvSWa0jcTbmGVyzIY/feF4OgyAUUdzSnnLW6ri2Q+4keM4A=="
      },
      "Microsoft.Extensions.Http.Diagnostics": {
        "type": "Transitive",
        "resolved": "10.3.0",
        "contentHash": "/xuNWNxI4WLVatiTvaqfLd5ijFhQ/qvE14bOyWxeEWmXJkjh/g2G/5TdzMfoe0afq16OdWLGbrD9gWHo178hbg==",
        "dependencies": {
          "Microsoft.Extensions.Telemetry": "10.3.0"
        }
      },
      "Microsoft.Extensions.Http.Polly": {
        "type": "Transitive",
        "resolved": "10.0.7",
        "contentHash": "pcUsPoqMHvOp+QJsLA/Hlg/W+IBnAoUXKEBc7FqMcY0sUez15DOKXtbEo81TvHL9xwjWQcF3ZMayNpcvpI7Bqg==",
        "dependencies": {
          "Polly": "7.2.4",
          "Polly.Extensions.Http": "3.0.0"
        }
      },
      "Microsoft.Extensions.Http.Resilience": {
        "type": "Transitive",
        "resolved": "10.3.0",
        "contentHash": "P4+s/eUH3dZdn1HnivSL2dh6/Jb0ndLt2l88oQPZ9BYdyb4tSRAsnz4QkJHGfPA9lS/XblI5QYsxEdfkurPvIg==",
        "dependencies": {
          "Microsoft.Extensions.Http.Diagnostics": "10.3.0",
          "Microsoft.Extensions.Resilience": "10.3.0"
        }
      },
      "Microsoft.Extensions.Resilience": {
        "type": "Transitive",
        "resolved": "10.3.0",
        "contentHash": "xc0dZuPkBaVIdMlODDppmNY/dxE27wIQ46gTzStoFXO4/yVcOMKlPmtr9vTP4edyXBRizGxPtcAFmqxZ5gPTkQ==",
        "dependencies": {
          "Microsoft.Extensions.Diagnostics.ExceptionSummarization": "10.3.0",
          "Microsoft.Extensions.Telemetry.Abstractions": "10.3.0",
          "Polly.Extensions": "8.4.2",
          "Polly.RateLimiting": "8.4.2"
        }
      },
      "Microsoft.Extensions.Telemetry": {
        "type": "Transitive",
        "resolved": "10.3.0",
        "contentHash": "M1esrIGmwU2JBY0JpwdlUTXTNBXSBFEs+41bYBd59+9/vCaXw+vGhtYcCL+JXeGmxTLUHmuXcKbX/uVCSFcuzA==",
        "dependencies": {
          "Microsoft.Extensions.AmbientMetadata.Application": "10.3.0",
          "Microsoft.Extensions.DependencyInjection.AutoActivation": "10.3.0",
          "Microsoft.Extensions.Telemetry.Abstractions": "10.3.0"
        }
      },
      "Microsoft.Extensions.Telemetry.Abstractions": {
        "type": "Transitive",
        "resolved": "10.3.0",
        "contentHash": "aKxH6ZsGAewGF8uSXyx1WkjqItwZA+hd1hhQ/4i7o5injCWSdr9vIZ3R3djJfy8OG3xaWK+LZY/+slVvlnwEHw==",
        "dependencies": {
          "Microsoft.Extensions.Compliance.Abstractions": "10.3.0"
        }
      },
      "Microsoft.Identity.Client": {
        "type": "Transitive",
        "resolved": "4.83.1",
        "contentHash": "jOLIrZ3cynoqHLLO1cXplFFabrhrMEYs/EuKHvmCyrOm1axqiVFT6nCSnHxk7w5+d2BeQfCdM12Yf/0X7OeS1g==",
        "dependencies": {
          "Microsoft.IdentityModel.Abstractions": "8.14.0"
        }
      },
      "Microsoft.Identity.Client.Extensions.Msal": {
        "type": "Transitive",
        "resolved": "4.83.1",
        "contentHash": "I3k4J4Hj4KbLEFanjeUzzDOVecukETaTgEkJ7h2pP/Yazs6SLp6TVUTo/Eo+ptPXMwvc+iX7rBFtMSUrA7R+Mg==",
        "dependencies": {
          "Microsoft.Identity.Client": "4.83.1",
          "System.Security.Cryptography.ProtectedData": "4.5.0"
        }
      },
      "Microsoft.IdentityModel.Abstractions": {
        "type": "Transitive",
        "resolved": "8.16.0",
        "contentHash": "gSxKLWRZzBpIsEoeUPkxfywNCCvRvl7hkq146XHPk5vOQc9izSf1I+uL1vh4y2U19QPxd9Z8K/8AdWyxYz2lSg=="
      },
      "Microsoft.IdentityModel.JsonWebTokens": {
        "type": "Transitive",
        "resolved": "8.16.0",
        "contentHash": "prBU72cIP4V8E9fhN+o/YdskTsLeIcnKPbhZf0X6mD7fdxoZqnS/NdEkSr+9Zp+2q7OZBOMfNBKGbTbhXODO4w==",
        "dependencies": {
          "Microsoft.IdentityModel.Tokens": "8.16.0"
        }
      },
      "Microsoft.IdentityModel.Logging": {
        "type": "Transitive",
        "resolved": "8.16.0",
        "contentHash": "MTzXmETkNQPACR7/XCXM1OGM6oU9RkyibqeJRtO9Ndew2LnGjMf9Atqj2VSf4XC27X0FQycUAlzxxEgQMWn2xQ==",
        "dependencies": {
          "Microsoft.IdentityModel.Abstractions": "8.16.0"
        }
      },
      "Microsoft.IdentityModel.Protocols": {
        "type": "Transitive",
        "resolved": "8.16.0",
        "contentHash": "UFrU7d46UTsPQTa2HIEIpB9H1uJe1BW9FLw5uhEJ2ZuKdur8bcUA/bO5caq5dlBt5gNJeRIB3QQXYNs5fCQCZA==",
        "dependencies": {
          "Microsoft.IdentityModel.Tokens": "8.16.0"
        }
      },
      "Microsoft.IdentityModel.Tokens": {
        "type": "Transitive",
        "resolved": "8.16.0",
        "contentHash": "rtViGJcGsN7WcfUNErwNeQgjuU5cJNl6FDQsfi9TncwO+Epzn0FTfBsg3YuFW1Q0Ch/KPxaVdjLw3/+5Z5ceFQ==",
        "dependencies": {
          "Microsoft.IdentityModel.Logging": "8.16.0"
        }
      },
      "Microsoft.VisualStudio.SolutionPersistence": {
        "type": "Transitive",
        "resolved": "1.0.52",
        "contentHash": "oNv2JtYXhpdJrX63nibx1JT3uCESOBQ1LAk7Dtz/sr0+laW0KRM6eKp4CZ3MHDR2siIkKsY8MmUkeP5DKkQQ5w=="
      },
      "ModelContextProtocol": {
        "type": "Transitive",
        "resolved": "1.4.0",
        "contentHash": "CAmnAMQIMax2t9naUgyDAkVBj329EhQCiHcbfirMFNgP6ShQ8hJdJb0OLoaBpeGjkunH3IOjRXLdwXGKKwMlLA==",
        "dependencies": {
          "ModelContextProtocol.Core": "1.4.0"
        }
      },
      "ModelContextProtocol.Core": {
        "type": "Transitive",
        "resolved": "1.4.0",
        "contentHash": "6ZJFQTgYwdu0IacUUTNExAY2Z+JFuTd10CPeORalQtuGPY4hdUqq0BXxTpNEP0n7ajruNsGXyCKQLP0erIZmog==",
        "dependencies": {
          "Microsoft.Extensions.AI.Abstractions": "10.5.2"
        }
      },
      "Mono.TextTemplating": {
        "type": "Transitive",
        "resolved": "3.0.0",
        "contentHash": "YqueG52R/Xej4VVbKuRIodjiAhV0HR/XVbLbNrJhCZnzjnSjgMJ/dCdV0akQQxavX6hp/LC6rqLGLcXeQYU7XA==",
        "dependencies": {
          "System.CodeDom": "6.0.0"
        }
      },
      "Newtonsoft.Json": {
        "type": "Transitive",
        "resolved": "13.0.3",
        "contentHash": "HrC5BXdl00IP9zeV+0Z848QWPAoCr9P3bDEZguI+gkLcBKAOxix/tLEAAHC+UvDNPv4a2d18lOReHMOagPa+zQ=="
      },
      "Npgsql": {
        "type": "Transitive",
        "resolved": "10.0.3",
        "contentHash": "7nb5YzXuvWWJxB0J8DiyL3we+X4FOctZrt0fIBnucOIaIevFEEwGQVZKtiu9olXdlNAK1eNgqSral6r/jlhI4w=="
      },
      "NSec.Cryptography": {
        "type": "Transitive",
        "resolved": "25.4.0",
        "contentHash": "Z3wPpG0xefMLmhn9T+Ka/EzAmMQPT0THL/5E4lf9cXI/N9rbGH0G23ZFpRcPnD0ast2k7ieG6QSVNIjmfPCXBQ==",
        "dependencies": {
          "libsodium": "[1.0.20.1, 1.0.21)"
        }
      },
      "OpenIddict": {
        "type": "Transitive",
        "resolved": "7.5.0",
        "contentHash": "rZyPVHUXwUKEFQr4DO/iWKwmXnUE4IFMoHpYnyq5DgdgiKNFTkjZ4xc1P2ArnwvKNyuNsefGsj+JybGqXwIqsA==",
        "dependencies": {
          "OpenIddict.Abstractions": "7.5.0",
          "OpenIddict.Client": "7.5.0",
          "OpenIddict.Client.SystemIntegration": "7.5.0",
          "OpenIddict.Client.SystemNetHttp": "7.5.0",
          "OpenIddict.Client.WebIntegration": "7.5.0",
          "OpenIddict.Core": "7.5.0",
          "OpenIddict.Server": "7.5.0",
          "OpenIddict.Validation": "7.5.0",
          "OpenIddict.Validation.ServerIntegration": "7.5.0",
          "OpenIddict.Validation.SystemNetHttp": "7.5.0"
        }
      },
      "OpenIddict.Abstractions": {
        "type": "Transitive",
        "resolved": "7.5.0",
        "contentHash": "4m3smhkdeWITo1UWc3zYyGketh0ELn6UZRuZEnzcyS6fuflvl1MNSHbg1wPTTGldlxcq6VwWvVvKWyaTW/25Ig==",
        "dependencies": {
          "Microsoft.IdentityModel.Tokens": "8.16.0"
        }
      },
      "OpenIddict.Client": {
        "type": "Transitive",
        "resolved": "7.5.0",
        "contentHash": "W22MGOGqWVOD2yVPCZmk4ZAH0ssZ/I+qfucBaeaCHpR65+I1vKVtL/tuuhUY1dbdvgARKS1bsZZvWDOroJ2kNQ==",
        "dependencies": {
          "Microsoft.IdentityModel.JsonWebTokens": "8.16.0",
          "Microsoft.IdentityModel.Protocols": "8.16.0",
          "OpenIddict.Abstractions": "7.5.0"
        }
      },
      "OpenIddict.Client.AspNetCore": {
        "type": "Transitive",
        "resolved": "7.5.0",
        "contentHash": "bVZEYVHdXbfJqTtzamvDjq4Klymjb6uhq3lEF/k27YwBJtBV1QQWnvjQRpjqmhR7UHQSIoKxo6xbPtPxWAlujA==",
        "dependencies": {
          "OpenIddict.Client": "7.5.0"
        }
      },
      "OpenIddict.Client.DataProtection": {
        "type": "Transitive",
        "resolved": "7.5.0",
        "contentHash": "zxiYrDLXy2V+TYGmKIJYi29hsZG1U9axMZgWv12FsGE4wJQpdtrKw2J5yplYOiVzMz5DxgXrpTOhQ1bfRLDO+Q==",
        "dependencies": {
          "OpenIddict.Client": "7.5.0"
        }
      },
      "OpenIddict.Client.SystemIntegration": {
        "type": "Transitive",
        "resolved": "7.5.0",
        "contentHash": "7Z4H1innZap7/ffNE6bsuC9WpwTn0wk+tjeRJD/6dJX4FSVJuVQ8N5yRMLCmXSS/aeVvyMwYpdylLXygI76I5g==",
        "dependencies": {
          "OpenIddict.Client": "7.5.0"
        }
      },
      "OpenIddict.Client.SystemNetHttp": {
        "type": "Transitive",
        "resolved": "7.5.0",
        "contentHash": "Os2tAOMwgkGuBykqDMwIHrcF2wJdhMyfG5uIZlDbIAamDZJriGc6AnVoRNxFiSWCuzhXBhDboZQviecBFc2mQw==",
        "dependencies": {
          "Microsoft.Extensions.Http.Polly": "10.0.7",
          "Microsoft.Extensions.Http.Resilience": "10.3.0",
          "OpenIddict.Client": "7.5.0"
        }
      },
      "OpenIddict.Client.WebIntegration": {
        "type": "Transitive",
        "resolved": "7.5.0",
        "contentHash": "0FNXGJdzdGIO523Dy07APoXmDJPjEIQt/e2SeAQYyrZ0bFC2eKDEdDsw2PLvIMnN5X9GC/n9DhQQWahrLIpXbA==",
        "dependencies": {
          "OpenIddict.Client": "7.5.0",
          "OpenIddict.Client.SystemNetHttp": "7.5.0"
        }
      },
      "OpenIddict.Core": {
        "type": "Transitive",
        "resolved": "7.5.0",
        "contentHash": "8IicfYNZDg2TRzeDG+TOlWjWsneLTFIe1Ai5PMFXgsfti07JDLuvznBTOpCdv7w5DdrrjXxk9xMdRWS8aZ358w==",
        "dependencies": {
          "OpenIddict.Abstractions": "7.5.0"
        }
      },
      "OpenIddict.EntityFrameworkCore.Models": {
        "type": "Transitive",
        "resolved": "7.5.0",
        "contentHash": "n21lCWOkjvu0sA9EwnDrlZ61WdzAd2KuTUSBeJeF5QGe6Sw/nLvu7Yr1yZ1I8t5iQw+QlI7PQAVPLkLLlHE5Yw=="
      },
      "OpenIddict.Server": {
        "type": "Transitive",
        "resolved": "7.5.0",
        "contentHash": "O8i4aNse1ilwdW/KX86WS6rtwpm+XccYOFKs+8bZeIA+DI3RFgc5nR2k2hEoBYf44ybLiGCWjDqJQdLKfXHhcw==",
        "dependencies": {
          "Microsoft.IdentityModel.JsonWebTokens": "8.16.0",
          "OpenIddict.Abstractions": "7.5.0"
        }
      },
      "OpenIddict.Server.AspNetCore": {
        "type": "Transitive",
        "resolved": "7.5.0",
        "contentHash": "dPgoG/y7oJcngY+xILxrp+lgGjrOMIrlt/mQcGKMj/g+QlNW8Xod5ibAMbFIQUUWXGVKd+lZKPMa7wPfioLpTw==",
        "dependencies": {
          "OpenIddict.Server": "7.5.0"
        }
      },
      "OpenIddict.Server.DataProtection": {
        "type": "Transitive",
        "resolved": "7.5.0",
        "contentHash": "dn49+QwuiHZatgiP0auRG2//Fhnu0yYmtPu5ky89AqjZKSQTDrPwV0Jm1O0OCGM39W7AEWwOtLtvpr/cucxLUA==",
        "dependencies": {
          "OpenIddict.Server": "7.5.0"
        }
      },
      "OpenIddict.Validation": {
        "type": "Transitive",
        "resolved": "7.5.0",
        "contentHash": "PpAaSD2KfFJn6sODf0JadCcdx2e2hNo23ULYqbv3lGnOLVB3Y8bQoGJNMovxzSq5nKMSLlqi5rtV3sFXln3Kkw==",
        "dependencies": {
          "Microsoft.IdentityModel.JsonWebTokens": "8.16.0",
          "Microsoft.IdentityModel.Protocols": "8.16.0",
          "OpenIddict.Abstractions": "7.5.0"
        }
      },
      "OpenIddict.Validation.DataProtection": {
        "type": "Transitive",
        "resolved": "7.5.0",
        "contentHash": "YrjqQgj1c+nmwSjKHB0YUaNA1nNkSVsVuSj1f7eujWif/86IdII49NRfo7NXEn9GVbuoPk3R/hW10fJtp0Q4CA==",
        "dependencies": {
          "OpenIddict.Validation": "7.5.0"
        }
      },
      "OpenIddict.Validation.ServerIntegration": {
        "type": "Transitive",
        "resolved": "7.5.0",
        "contentHash": "dsAjY4MytgSdMQFjmy+7cTcKTJF0rKiLOu9VAvsxg/mjQU/mDH1gjyQafAHoU9BwDIrbaBZlBRxUNPl14O1GBA==",
        "dependencies": {
          "OpenIddict.Server": "7.5.0",
          "OpenIddict.Validation": "7.5.0"
        }
      },
      "OpenIddict.Validation.SystemNetHttp": {
        "type": "Transitive",
        "resolved": "7.5.0",
        "contentHash": "nRj7Ry1se+hURVx4KADZlnHyYQkK095ybpSq4CC29A+akqDK6GPP04T/zSxIK8bpQSepNqP4w2aWzDZCvcvg9w==",
        "dependencies": {
          "Microsoft.Extensions.Http.Polly": "10.0.7",
          "Microsoft.Extensions.Http.Resilience": "10.3.0",
          "OpenIddict.Validation": "7.5.0"
        }
      },
      "Polly": {
        "type": "Transitive",
        "resolved": "7.2.4",
        "contentHash": "bw00Ck5sh6ekduDE3mnCo1ohzuad946uslCDEENu3091+6UKnBuKLo4e+yaNcCzXxOZCXWY2gV4a35+K1d4LDA=="
      },
      "Polly.Core": {
        "type": "Transitive",
        "resolved": "8.4.2",
        "contentHash": "BpE2I6HBYYA5tF0Vn4eoQOGYTYIK1BlF5EXVgkWGn3mqUUjbXAr13J6fZVbp7Q3epRR8yshacBMlsHMhpOiV3g=="
      },
      "Polly.Extensions": {
        "type": "Transitive",
        "resolved": "8.4.2",
        "contentHash": "GZ9vRVmR0jV2JtZavt+pGUsQ1O1cuRKG7R7VOZI6ZDy9y6RNPvRvXK1tuS4ffUrv8L0FTea59oEuQzgS0R7zSA==",
        "dependencies": {
          "Polly.Core": "8.4.2"
        }
      },
      "Polly.Extensions.Http": {
        "type": "Transitive",
        "resolved": "3.0.0",
        "contentHash": "drrG+hB3pYFY7w1c3BD+lSGYvH2oIclH8GRSehgfyP5kjnFnHKQuuBhuHLv+PWyFuaTDyk/vfRpnxOzd11+J8g==",
        "dependencies": {
          "Polly": "7.1.0"
        }
      },
      "Polly.RateLimiting": {
        "type": "Transitive",
        "resolved": "8.4.2",
        "contentHash": "ehTImQ/eUyO07VYW2WvwSmU9rRH200SKJ/3jku9rOkyWE0A2JxNFmAVms8dSn49QLSjmjFRRSgfNyOgr/2PSmA==",
        "dependencies": {
          "Polly.Core": "8.4.2"
        }
      },
      "System.ClientModel": {
        "type": "Transitive",
        "resolved": "1.11.0",
        "contentHash": "1Wl32zh7TbvN+HAO8NqDuaN0Ao2Qu/0j0NJSrXGDtpUQsTXQYJ3C6hd9/Ds2IrgP4agMQYFoXB35GZfC21ByHw==",
        "dependencies": {
          "System.Memory.Data": "10.0.3"
        }
      },
      "System.CodeDom": {
        "type": "Transitive",
        "resolved": "6.0.0",
        "contentHash": "CPc6tWO1LAer3IzfZufDBRL+UZQcj5uS207NHALQzP84Vp/z6wF0Aa0YZImOQY8iStY0A2zI/e3ihKNPfUm8XA=="
      },
      "System.Composition": {
        "type": "Transitive",
        "resolved": "9.0.0",
        "contentHash": "3Djj70fFTraOarSKmRnmRy/zm4YurICm+kiCtI0dYRqGJnLX6nJ+G3WYuFJ173cAPax/gh96REcbNiVqcrypFQ==",
        "dependencies": {
          "System.Composition.AttributedModel": "9.0.0",
          "System.Composition.Convention": "9.0.0",
          "System.Composition.Hosting": "9.0.0",
          "System.Composition.Runtime": "9.0.0",
          "System.Composition.TypedParts": "9.0.0"
        }
      },
      "System.Composition.AttributedModel": {
        "type": "Transitive",
        "resolved": "9.0.0",
        "contentHash": "iri00l/zIX9g4lHMY+Nz0qV1n40+jFYAmgsaiNn16xvt2RDwlqByNG4wgblagnDYxm3YSQQ0jLlC/7Xlk9CzyA=="
      },
      "System.Composition.Convention": {
        "type": "Transitive",
        "resolved": "9.0.0",
        "contentHash": "+vuqVP6xpi582XIjJi6OCsIxuoTZfR0M7WWufk3uGDeCl3wGW6KnpylUJ3iiXdPByPE0vR5TjJgR6hDLez4FQg==",
        "dependencies": {
          "System.Composition.AttributedModel": "9.0.0"
        }
      },
      "System.Composition.Hosting": {
        "type": "Transitive",
        "resolved": "9.0.0",
        "contentHash": "OFqSeFeJYr7kHxDfaViGM1ymk7d4JxK//VSoNF9Ux0gpqkLsauDZpu89kTHHNdCWfSljbFcvAafGyBoY094btQ==",
        "dependencies": {
          "System.Composition.Runtime": "9.0.0"
        }
      },
      "System.Composition.Runtime": {
        "type": "Transitive",
        "resolved": "9.0.0",
        "contentHash": "w1HOlQY1zsOWYussjFGZCEYF2UZXgvoYnS94NIu2CBnAGMbXFAX8PY8c92KwUItPmowal68jnVLBCzdrWLeEKA=="
      },
      "System.Composition.TypedParts": {
        "type": "Transitive",
        "resolved": "9.0.0",
        "contentHash": "aRZlojCCGEHDKqh43jaDgaVpYETsgd7Nx4g1zwLKMtv4iTo0627715ajEFNpEEBTgLmvZuv8K0EVxc3sM4NWJA==",
        "dependencies": {
          "System.Composition.AttributedModel": "9.0.0",
          "System.Composition.Hosting": "9.0.0",
          "System.Composition.Runtime": "9.0.0"
        }
      },
      "System.IO.Hashing": {
        "type": "Transitive",
        "resolved": "10.0.3",
        "contentHash": "La6ICwsdTKhVX+LKN+pvFjQRR3LhLwq3uKdi2knjLzRyPYBSydF4cjXidYxIiTcDD6XVYdsBWQEI8ZxiZ/OdIg=="
      },
      "System.Memory.Data": {
        "type": "Transitive",
        "resolved": "10.0.3",
        "contentHash": "MaGhRfGunmrj/nHjtsi9XkhlYJ/ERGWrbA+BiSKNtGnAjc9XlG5EhAvak6VRcX5LYzPF6pBO8nJ613dTgzabig=="
      },
      "System.Security.Cryptography.Pkcs": {
        "type": "Transitive",
        "resolved": "10.0.0",
        "contentHash": "UPWqLSygJlFerRi9XNIuM0a1VC8gHUIufyP24xQ0sc+XimqUAEcjpOz9DhKpyDjH+5B/wO3RpC0KpkEeDj/ddg=="
      },
      "System.Security.Cryptography.ProtectedData": {
        "type": "Transitive",
        "resolved": "4.5.0",
        "contentHash": "wLBKzFnDCxP12VL9ANydSYhk59fC4cvOr9ypYQLPnAj48NQIhqnjdD2yhP8yEKyBJEjERWS9DisKL7rX5eU25Q=="
      }
    }
  }
}